github.com/apresfiux/artlogger v1.0.0 h1:2aw6yEgpwEJnOEOgHGlXdQPPl35SYndYEYR1PPdunN0=
github.com/apresfiux/artlogger v1.0.0/go.mod h1:B2f0QDeh5HBjh1btW3lYNnRo9qgTX81O1DxWi/sQlkU=
github.com/apresfiux/artloghandler v1.0.2 h1:QBkeg0z12PMwfz0W1cI7YY/KJbdZCA1WQSsEk+3Jyzo=
github.com/apresfiux/artloghandler v1.0.2/go.mod h1:aBXoCPXzt/hdT2ugfSxbRxoVKG1eZtiXqM0luz/DYHs=
